
Microsoft Visual Studio Solution File, Format Version 12.00
# Visual Studio Version 17
VisualStudioVersion = 17.9.34728.123
MinimumVisualStudioVersion = 10.0.40219.1
Project("{FAE04EC0-301F-11D3-BF4B-00C04F79EFBC}") = "Bambus-Backend", "Bambus-Backend.csproj", "{997B71D0-3683-4A55-A8E1-D804FECE40A0}"
EndProject
Global
	GlobalSection(SolutionConfigurationPlatforms) = preSolution
		Debug|x86 = Debug|x86
		Release|x86 = Release|x86
	EndGlobalSection
	GlobalSection(ProjectConfigurationPlatforms) = postSolution
		{997B71D0-3683-4A55-A8E1-D804FECE40A0}.Debug|x86.ActiveCfg = Debug|x86
		{997B71D0-3683-4A55-A8E1-D804FECE40A0}.Debug|x86.Build.0 = Debug|x86
		{997B71D0-3683-4A55-A8E1-D804FECE40A0}.Release|x86.ActiveCfg = Release|x86
		{997B71D0-3683-4A55-A8E1-D804FECE40A0}.Release|x86.Build.0 = Release|x86
	EndGlobalSection
	GlobalSection(SolutionProperties) = preSolution
		HideSolutionNode = FALSE
	EndGlobalSection
	GlobalSection(ExtensibilityGlobals) = postSolution
		SolutionGuid = {36B54303-2944-46F7-81D0-D525C0F79B25}
	EndGlobalSection
EndGlobal
